
Microsoft Visual Studio Solution File, Format Version 12.00
# Visual Studio Version 17
VisualStudioVersion = 17.5.33516.290
MinimumVisualStudioVersion = 10.0.40219.1
Project("{8BC9CEB8-8B4A-11D0-8D11-00A0C91BC942}") = "QuickSortSample_NotRecursive", "QuickSortSample_NotRecursive.vcxproj", "{730DA7BD-1EE5-49E9-9278-2702E9716462}"
EndProject
Global
	GlobalSection(SolutionConfigurationPlatforms) = preSolution
		Debug|x64 = Debug|x64
		Debug|x86 = Debug|x86
		Release|x64 = Release|x64
		Release|x86 = Release|x86
	EndGlobalSection
	GlobalSection(ProjectConfigurationPlatforms) = postSolution
		{730DA7BD-1EE5-49E9-9278-2702E9716462}.Debug|x64.ActiveCfg = Debug|x64
		{730DA7BD-1EE5-49E9-9278-2702E9716462}.Debug|x64.Build.0 = Debug|x64
		{730DA7BD-1EE5-49E9-9278-2702E9716462}.Debug|x86.ActiveCfg = Debug|Win32
		{730DA7BD-1EE5-49E9-9278-2702E9716462}.Debug|x86.Build.0 = Debug|Win32
		{730DA7BD-1EE5-49E9-9278-2702E9716462}.Release|x64.ActiveCfg = Release|x64
		{730DA7BD-1EE5-49E9-9278-2702E9716462}.Release|x64.Build.0 = Release|x64
		{730DA7BD-1EE5-49E9-9278-2702E9716462}.Release|x86.ActiveCfg = Release|Win32
		{730DA7BD-1EE5-49E9-9278-2702E9716462}.Release|x86.Build.0 = Release|Win32
	EndGlobalSection
	GlobalSection(SolutionProperties) = preSolution
		HideSolutionNode = FALSE
	EndGlobalSection
	GlobalSection(ExtensibilityGlobals) = postSolution
		SolutionGuid = {04EB9362-7DEF-4DB2-ADC1-24397A1B7AE8}
	EndGlobalSection
EndGlobal
