
Microsoft Visual Studio Solution File, Format Version 12.00
# Visual Studio Version 17
VisualStudioVersion = 17.5.33516.290
MinimumVisualStudioVersion = 10.0.40219.1
Project("{8BC9CEB8-8B4A-11D0-8D11-00A0C91BC942}") = "SelectionSortSample", "SelectionSortSample.vcxproj", "{FCC267F1-B1A2-4536-8B28-214B52430913}"
EndProject
Global
	GlobalSection(SolutionConfigurationPlatforms) = preSolution
		Debug|x64 = Debug|x64
		Debug|x86 = Debug|x86
		Release|x64 = Release|x64
		Release|x86 = Release|x86
	EndGlobalSection
	GlobalSection(ProjectConfigurationPlatforms) = postSolution
		{FCC267F1-B1A2-4536-8B28-214B52430913}.Debug|x64.ActiveCfg = Debug|x64
		{FCC267F1-B1A2-4536-8B28-214B52430913}.Debug|x64.Build.0 = Debug|x64
		{FCC267F1-B1A2-4536-8B28-214B52430913}.Debug|x86.ActiveCfg = Debug|Win32
		{FCC267F1-B1A2-4536-8B28-214B52430913}.Debug|x86.Build.0 = Debug|Win32
		{FCC267F1-B1A2-4536-8B28-214B52430913}.Release|x64.ActiveCfg = Release|x64
		{FCC267F1-B1A2-4536-8B28-214B52430913}.Release|x64.Build.0 = Release|x64
		{FCC267F1-B1A2-4536-8B28-214B52430913}.Release|x86.ActiveCfg = Release|Win32
		{FCC267F1-B1A2-4536-8B28-214B52430913}.Release|x86.Build.0 = Release|Win32
	EndGlobalSection
	GlobalSection(SolutionProperties) = preSolution
		HideSolutionNode = FALSE
	EndGlobalSection
	GlobalSection(ExtensibilityGlobals) = postSolution
		SolutionGuid = {3BE098B4-80B1-4B16-B7ED-2F7007C5A8A0}
	EndGlobalSection
EndGlobal
